{
  "nodes": {
    "crane": {
      "locked": {
        "lastModified": 1745022865,
        "narHash": "sha256-tXL4qUlyYZEGOHUKUWjmmcvJjjLQ+4U38lPWSc8Cgdo=",
        "owner": "ipetkov",
        "repo": "crane",
        "rev": "25ca4c50039d91ad88cc0b8feacb9ad7f748dedf",
        "type": "github"
      },
      "original": {
        "owner": "ipetkov",
        "repo": "crane",
        "type": "github"
      }
    },
    "fenix": {
      "inputs": {
        "nixpkgs": [
          "rust-flake-parts",
          "nixpkgs"
        ],
        "rust-analyzer-src": "rust-analyzer-src"
      },
      "locked": {
        "lastModified": 1745303921,
        "narHash": "sha256-zYucemS2QvJUR5GKJ/u3eZAoe82AKhcxMtNVZDERXsw=",
        "owner": "nix-community",
        "repo": "fenix",
        "rev": "14850d5984f3696a2972f85f19085e5fb46daa95",
        "type": "github"
      },
      "original": {
        "owner": "nix-community",
        "repo": "fenix",
        "type": "github"
      }
    },
    "flake-parts": {
      "inputs": {
        "nixpkgs-lib": "nixpkgs-lib"
      },
      "locked": {
        "lastModified": 1753121425,
        "narHash": "sha256-TVcTNvOeWWk1DXljFxVRp+E0tzG1LhrVjOGGoMHuXio=",
        "owner": "hercules-ci",
        "repo": "flake-parts",
        "rev": "644e0fc48951a860279da645ba77fe4a6e814c5e",
        "type": "github"
      },
      "original": {
        "id": "flake-parts",
        "type": "indirect"
      }
    },
    "nixpkgs": {
      "locked": {
        "lastModified": 1752997324,
        "narHash": "sha256-vtTM4oDke3SeDj+1ey6DjmzXdq8ZZSCLWSaApADDvIE=",
        "owner": "NixOS",
        "repo": "nixpkgs",
        "rev": "7c688a0875df5a8c28a53fb55ae45e94eae0dddb",
        "type": "github"
      },
      "original": {
        "owner": "NixOS",
        "ref": "nixpkgs-unstable",
        "repo": "nixpkgs",
        "type": "github"
      }
    },
    "nixpkgs-lib": {
      "locked": {
        "lastModified": 1751159883,
        "narHash": "sha256-urW/Ylk9FIfvXfliA1ywh75yszAbiTEVgpPeinFyVZo=",
        "owner": "nix-community",
        "repo": "nixpkgs.lib",
        "rev": "14a40a1d7fb9afa4739275ac642ed7301a9ba1ab",
        "type": "github"
      },
      "original": {
        "owner": "nix-community",
        "repo": "nixpkgs.lib",
        "type": "github"
      }
    },
    "parts": {
      "inputs": {
        "nixpkgs-lib": [
          "rust-flake-parts",
          "nixpkgs"
        ]
      },
      "locked": {
        "lastModified": 1743550720,
        "narHash": "sha256-hIshGgKZCgWh6AYJpJmRgFdR3WUbkY04o82X05xqQiY=",
        "owner": "hercules-ci",
        "repo": "flake-parts",
        "rev": "c621e8422220273271f52058f618c94e405bb0f5",
        "type": "github"
      },
      "original": {
        "owner": "hercules-ci",
        "repo": "flake-parts",
        "type": "github"
      }
    },
    "root": {
      "inputs": {
        "flake-parts": "flake-parts",
        "nixpkgs": "nixpkgs",
        "rust-flake-parts": "rust-flake-parts"
      }
    },
    "rust-analyzer-src": {
      "flake": false,
      "locked": {
        "lastModified": 1745247864,
        "narHash": "sha256-QA1Ba8Flz5K+0GbG03HwiX9t46mh/jjKgwavbuKtwMg=",
        "owner": "rust-lang",
        "repo": "rust-analyzer",
        "rev": "31dbec70c68e97060916d4754c687a3e93c2440f",
        "type": "github"
      },
      "original": {
        "owner": "rust-lang",
        "ref": "nightly",
        "repo": "rust-analyzer",
        "type": "github"
      }
    },
    "rust-flake-parts": {
      "inputs": {
        "crane": "crane",
        "fenix": "fenix",
        "nixpkgs": [
          "nixpkgs"
        ],
        "parts": "parts"
      },
      "locked": {
        "lastModified": 1748219463,
        "narHash": "sha256-0HeVZPVVruwXsCglAd09PRww7/aCFEe/2i45F/Y8c6c=",
        "owner": "talo",
        "repo": "qdx-rust-flake-parts",
        "rev": "674c16a3bd10db79d4e48edf0156988023068e38",
        "type": "github"
      },
      "original": {
        "owner": "talo",
        "repo": "qdx-rust-flake-parts",
        "type": "github"
      }
    }
  },
  "root": "root",
  "version": 7
}
