{
  "nodes": {
    "crane": {
      "inputs": {
        "nixpkgs": [
          "rust-flake-parts",
          "nixpkgs"
        ]
      },
      "locked": {
        "lastModified": 1710886643,
        "narHash": "sha256-saTZuv9YeZ9COHPuj8oedGdUwJZcbQ3vyRqe7NVJMsQ=",
        "owner": "ipetkov",
        "repo": "crane",
        "rev": "5bace74e9a65165c918205cf67ad3977fe79c584",
        "type": "github"
      },
      "original": {
        "owner": "ipetkov",
        "ref": "v0.16.3",
        "repo": "crane",
        "type": "github"
      }
    },
    "fenix": {
      "inputs": {
        "nixpkgs": [
          "rust-flake-parts",
          "nixpkgs"
        ],
        "rust-analyzer-src": "rust-analyzer-src"
      },
      "locked": {
        "lastModified": 1711520562,
        "narHash": "sha256-rVE+5nzGarXDYoXPcySg+/NpkPZu53H3YhtE1nElUhg=",
        "owner": "nix-community",
        "repo": "fenix",
        "rev": "21cf09a640b2a0b8f805aa767f42916c9579776b",
        "type": "github"
      },
      "original": {
        "owner": "nix-community",
        "repo": "fenix",
        "type": "github"
      }
    },
    "flake-parts": {
      "inputs": {
        "nixpkgs-lib": "nixpkgs-lib"
      },
      "locked": {
        "lastModified": 1717285511,
        "narHash": "sha256-iKzJcpdXih14qYVcZ9QC9XuZYnPc6T8YImb6dX166kw=",
        "owner": "hercules-ci",
        "repo": "flake-parts",
        "rev": "2a55567fcf15b1b1c7ed712a2c6fadaec7412ea8",
        "type": "github"
      },
      "original": {
        "id": "flake-parts",
        "type": "indirect"
      }
    },
    "nixpkgs": {
      "locked": {
        "lastModified": 1717179513,
        "narHash": "sha256-vboIEwIQojofItm2xGCdZCzW96U85l9nDW3ifMuAIdM=",
        "owner": "NixOS",
        "repo": "nixpkgs",
        "rev": "63dacb46bf939521bdc93981b4cbb7ecb58427a0",
        "type": "github"
      },
      "original": {
        "owner": "NixOS",
        "ref": "24.05",
        "repo": "nixpkgs",
        "type": "github"
      }
    },
    "nixpkgs-lib": {
      "locked": {
        "lastModified": 1717284937,
        "narHash": "sha256-lIbdfCsf8LMFloheeE6N31+BMIeixqyQWbSr2vk79EQ=",
        "type": "tarball",
        "url": "https://github.com/NixOS/nixpkgs/archive/eb9ceca17df2ea50a250b6b27f7bf6ab0186f198.tar.gz"
      },
      "original": {
        "type": "tarball",
        "url": "https://github.com/NixOS/nixpkgs/archive/eb9ceca17df2ea50a250b6b27f7bf6ab0186f198.tar.gz"
      }
    },
    "parts": {
      "inputs": {
        "nixpkgs-lib": [
          "rust-flake-parts",
          "nixpkgs"
        ]
      },
      "locked": {
        "lastModified": 1709336216,
        "narHash": "sha256-Dt/wOWeW6Sqm11Yh+2+t0dfEWxoMxGBvv3JpIocFl9E=",
        "owner": "hercules-ci",
        "repo": "flake-parts",
        "rev": "f7b3c975cf067e56e7cda6cb098ebe3fb4d74ca2",
        "type": "github"
      },
      "original": {
        "owner": "hercules-ci",
        "repo": "flake-parts",
        "type": "github"
      }
    },
    "root": {
      "inputs": {
        "flake-parts": "flake-parts",
        "nixpkgs": "nixpkgs",
        "rust-flake-parts": "rust-flake-parts"
      }
    },
    "rust-analyzer-src": {
      "flake": false,
      "locked": {
        "lastModified": 1711443624,
        "narHash": "sha256-K5aLPjCF3A9ArczT5X/CKo1bfQEwGK5CsJ3eYHIjEnk=",
        "owner": "rust-lang",
        "repo": "rust-analyzer",
        "rev": "4b33850c39049047e2deb4269b60bd8330b68031",
        "type": "github"
      },
      "original": {
        "owner": "rust-lang",
        "ref": "nightly",
        "repo": "rust-analyzer",
        "type": "github"
      }
    },
    "rust-flake-parts": {
      "inputs": {
        "crane": "crane",
        "fenix": "fenix",
        "nixpkgs": [
          "nixpkgs"
        ],
        "parts": "parts"
      },
      "locked": {
        "lastModified": 1716972716,
        "narHash": "sha256-LXhjgG90qmaG4azCP7XSpwUc89EshHymG5o+mxxvVCI=",
        "owner": "talo",
        "repo": "qdx-rust-flake-parts",
        "rev": "d4c2a9ac3e2d4771cada47c3eb373ccb838ba94b",
        "type": "github"
      },
      "original": {
        "owner": "talo",
        "repo": "qdx-rust-flake-parts",
        "type": "github"
      }
    }
  },
  "root": "root",
  "version": 7
}
